PODS:
  - app_links (6.4.1):
    - Flutter
  - cupertino_http (0.0.1):
    - Flutter
    - FlutterMacOS
  - device_info_plus (0.0.1):
    - Flutter
  - Firebase/CoreOnly (12.4.0):
    - FirebaseCore (~> 12.4.0)
  - Firebase/Messaging (12.4.0):
    - Firebase/CoreOnly
    - FirebaseMessaging (~> 12.4.0)
  - firebase_core (4.2.1):
    - Firebase/CoreOnly (= 12.4.0)
    - Flutter
  - firebase_messaging (16.0.4):
    - Firebase/Messaging (= 12.4.0)
    - firebase_core
    - Flutter
  - FirebaseCore (12.4.0):
    - FirebaseCoreInternal (~> 12.4.0)
    - GoogleUtilities/Environment (~> 8.1)
    - GoogleUtilities/Logger (~> 8.1)
  - FirebaseCoreInternal (12.4.0):
    - "GoogleUtilities/NSData+zlib (~> 8.1)"
  - FirebaseInstallations (12.4.0):
    - FirebaseCore (~> 12.4.0)
    - GoogleUtilities/Environment (~> 8.1)
    - GoogleUtilities/UserDefaults (~> 8.1)
    - PromisesObjC (~> 2.4)
  - FirebaseMessaging (12.4.0):
    - FirebaseCore (~> 12.4.0)
    - FirebaseInstallations (~> 12.4.0)
    - GoogleDataTransport (~> 10.1)
    - GoogleUtilities/AppDelegateSwizzler (~> 8.1)
    - GoogleUtilities/Environment (~> 8.1)
    - GoogleUtilities/Reachability (~> 8.1)
    - GoogleUtilities/UserDefaults (~> 8.1)
    - nanopb (~> 3.30910.0)
  - Flutter (1.0.0)
  - flutter_secure_storage_darwin (10.0.0):
    - Flutter
    - FlutterMacOS
  - flutter_timezone (0.0.1):
    - Flutter
  - flutter_wallet_card (1.0.0):
    - Flutter
    - OpenSSL-Universal
  - fluttertoast (0.0.2):
    - Flutter
  - geocoding_ios (1.0.5):
    - Flutter
  - geolocator_apple (1.2.0):
    - Flutter
    - FlutterMacOS
  - Google-Maps-iOS-Utils (6.1.0):
    - GoogleMaps (~> 9.0)
  - google_maps_flutter_ios (0.0.1):
    - Flutter
    - Google-Maps-iOS-Utils (< 7.0, >= 5.0)
    - GoogleMaps (< 10.0, >= 8.4)
  - GoogleDataTransport (10.1.0):
    - nanopb (~> 3.30910.0)
    - PromisesObjC (~> 2.4)
  - GoogleMaps (9.4.0):
    - GoogleMaps/Maps (= 9.4.0)
  - GoogleMaps/Maps (9.4.0)
  - GoogleUtilities/AppDelegateSwizzler (8.1.0):
    - GoogleUtilities/Environment
    - GoogleUtilities/Logger
    - GoogleUtilities/Network
    - GoogleUtilities/Privacy
  - GoogleUtilities/Environment (8.1.0):
    - GoogleUtilities/Privacy
  - GoogleUtilities/Logger (8.1.0):
    - GoogleUtilities/Environment
    - GoogleUtilities/Privacy
  - GoogleUtilities/Network (8.1.0):
    - GoogleUtilities/Logger
    - "GoogleUtilities/NSData+zlib"
    - GoogleUtilities/Privacy
    - GoogleUtilities/Reachability
  - "GoogleUtilities/NSData+zlib (8.1.0)":
    - GoogleUtilities/Privacy
  - GoogleUtilities/Privacy (8.1.0)
  - GoogleUtilities/Reachability (8.1.0):
    - GoogleUtilities/Logger
    - GoogleUtilities/Privacy
  - GoogleUtilities/UserDefaults (8.1.0):
    - GoogleUtilities/Logger
    - GoogleUtilities/Privacy
  - gyro_provider (0.0.1):
    - Flutter
  - image_picker_ios (0.0.1):
    - Flutter
  - MapLibre (6.19.1)
  - maplibre_gl (0.24.1):
    - Flutter
    - MapLibre (= 6.19.1)
  - maps_launcher (0.0.1):
    - Flutter
  - mobile_scanner (7.0.0):
    - Flutter
    - FlutterMacOS
  - nanopb (3.30910.0):
    - nanopb/decode (= 3.30910.0)
    - nanopb/encode (= 3.30910.0)
  - nanopb/decode (3.30910.0)
  - nanopb/encode (3.30910.0)
  - ObjectBox (5.0.0)
  - objectbox_flutter_libs (0.0.1):
    - Flutter
    - ObjectBox (= 5.0.0)
  - objective_c (0.0.1):
    - Flutter
  - open_filex (0.0.2):
    - Flutter
  - OpenSSL-Universal (3.3.3001)
  - package_info_plus (0.4.5):
    - Flutter
  - path_provider_foundation (0.0.1):
    - Flutter
    - FlutterMacOS
  - PromisesObjC (2.4.0)
  - share_plus (0.0.1):
    - Flutter
  - shared_preferences_foundation (0.0.1):
    - Flutter
    - FlutterMacOS
  - sqflite_darwin (0.0.4):
    - Flutter
    - FlutterMacOS
  - Stripe (24.23.3):
    - StripeApplePay (= 24.23.3)
    - StripeCore (= 24.23.3)
    - StripePayments (= 24.23.3)
    - StripePaymentsUI (= 24.23.3)
    - StripeUICore (= 24.23.3)
  - stripe_ios (0.0.1):
    - Flutter
    - Stripe (~> 24.23.0)
    - stripe_ios/stripe_ios (= 0.0.1)
    - stripe_ios/stripe_objc (= 0.0.1)
    - StripeApplePay (~> 24.23.0)
    - StripeFinancialConnections (~> 24.23.0)
    - StripePayments (~> 24.23.0)
    - StripePaymentSheet (~> 24.23.0)
    - StripePaymentsUI (~> 24.23.0)
  - stripe_ios/stripe_ios (0.0.1):
    - Flutter
    - Stripe (~> 24.23.0)
    - stripe_ios/stripe_objc
    - StripeApplePay (~> 24.23.0)
    - StripeFinancialConnections (~> 24.23.0)
    - StripePayments (~> 24.23.0)
    - StripePaymentSheet (~> 24.23.0)
    - StripePaymentsUI (~> 24.23.0)
  - stripe_ios/stripe_objc (0.0.1):
    - Flutter
    - Stripe (~> 24.23.0)
    - StripeApplePay (~> 24.23.0)
    - StripeFinancialConnections (~> 24.23.0)
    - StripePayments (~> 24.23.0)
    - StripePaymentSheet (~> 24.23.0)
    - StripePaymentsUI (~> 24.23.0)
  - StripeApplePay (24.23.3):
    - StripeCore (= 24.23.3)
  - StripeCore (24.23.3)
  - StripeFinancialConnections (24.23.3):
    - StripeCore (= 24.23.3)
    - StripeUICore (= 24.23.3)
  - StripePayments (24.23.3):
    - StripeCore (= 24.23.3)
    - StripePayments/Stripe3DS2 (= 24.23.3)
  - StripePayments/Stripe3DS2 (24.23.3):
    - StripeCore (= 24.23.3)
  - StripePaymentSheet (24.23.3):
    - StripeApplePay (= 24.23.3)
    - StripeCore (= 24.23.3)
    - StripePayments (= 24.23.3)
    - StripePaymentsUI (= 24.23.3)
  - StripePaymentsUI (24.23.3):
    - StripeCore (= 24.23.3)
    - StripePayments (= 24.23.3)
    - StripeUICore (= 24.23.3)
  - StripeUICore (24.23.3):
    - StripeCore (= 24.23.3)
  - syncfusion_flutter_pdfviewer (0.0.1):
    - Flutter
  - url_launcher_ios (0.0.1):
    - Flutter
  - webview_cookie_manager_plus (0.0.1):
    - Flutter
  - webview_flutter_wkwebview (0.0.1):
    - Flutter
    - FlutterMacOS

DEPENDENCIES:
  - app_links (from `.symlinks/plugins/app_links/ios`)
  - cupertino_http (from `.symlinks/plugins/cupertino_http/darwin`)
  - device_info_plus (from `.symlinks/plugins/device_info_plus/ios`)
  - firebase_core (from `.symlinks/plugins/firebase_core/ios`)
  - firebase_messaging (from `.symlinks/plugins/firebase_messaging/ios`)
  - Flutter (from `Flutter`)
  - flutter_secure_storage_darwin (from `.symlinks/plugins/flutter_secure_storage_darwin/darwin`)
  - flutter_timezone (from `.symlinks/plugins/flutter_timezone/ios`)
  - flutter_wallet_card (from `.symlinks/plugins/flutter_wallet_card/ios`)
  - fluttertoast (from `.symlinks/plugins/fluttertoast/ios`)
  - geocoding_ios (from `.symlinks/plugins/geocoding_ios/ios`)
  - geolocator_apple (from `.symlinks/plugins/geolocator_apple/darwin`)
  - google_maps_flutter_ios (from `.symlinks/plugins/google_maps_flutter_ios/ios`)
  - gyro_provider (from `.symlinks/plugins/gyro_provider/ios`)
  - image_picker_ios (from `.symlinks/plugins/image_picker_ios/ios`)
  - maplibre_gl (from `.symlinks/plugins/maplibre_gl/ios`)
  - maps_launcher (from `.symlinks/plugins/maps_launcher/ios`)
  - mobile_scanner (from `.symlinks/plugins/mobile_scanner/darwin`)
  - objectbox_flutter_libs (from `.symlinks/plugins/objectbox_flutter_libs/ios`)
  - objective_c (from `.symlinks/plugins/objective_c/ios`)
  - open_filex (from `.symlinks/plugins/open_filex/ios`)
  - package_info_plus (from `.symlinks/plugins/package_info_plus/ios`)
  - path_provider_foundation (from `.symlinks/plugins/path_provider_foundation/darwin`)
  - share_plus (from `.symlinks/plugins/share_plus/ios`)
  - shared_preferences_foundation (from `.symlinks/plugins/shared_preferences_foundation/darwin`)
  - sqflite_darwin (from `.symlinks/plugins/sqflite_darwin/darwin`)
  - stripe_ios (from `.symlinks/plugins/stripe_ios/ios`)
  - syncfusion_flutter_pdfviewer (from `.symlinks/plugins/syncfusion_flutter_pdfviewer/ios`)
  - url_launcher_ios (from `.symlinks/plugins/url_launcher_ios/ios`)
  - webview_cookie_manager_plus (from `.symlinks/plugins/webview_cookie_manager_plus/ios`)
  - webview_flutter_wkwebview (from `.symlinks/plugins/webview_flutter_wkwebview/darwin`)

SPEC REPOS:
  trunk:
    - Firebase
    - FirebaseCore
    - FirebaseCoreInternal
    - FirebaseInstallations
    - FirebaseMessaging
    - Google-Maps-iOS-Utils
    - GoogleDataTransport
    - GoogleMaps
    - GoogleUtilities
    - MapLibre
    - nanopb
    - ObjectBox
    - OpenSSL-Universal
    - PromisesObjC
    - Stripe
    - StripeApplePay
    - StripeCore
    - StripeFinancialConnections
    - StripePayments
    - StripePaymentSheet
    - StripePaymentsUI
    - StripeUICore

EXTERNAL SOURCES:
  app_links:
    :path: ".symlinks/plugins/app_links/ios"
  cupertino_http:
    :path: ".symlinks/plugins/cupertino_http/darwin"
  device_info_plus:
    :path: ".symlinks/plugins/device_info_plus/ios"
  firebase_core:
    :path: ".symlinks/plugins/firebase_core/ios"
  firebase_messaging:
    :path: ".symlinks/plugins/firebase_messaging/ios"
  Flutter:
    :path: Flutter
  flutter_secure_storage_darwin:
    :path: ".symlinks/plugins/flutter_secure_storage_darwin/darwin"
  flutter_timezone:
    :path: ".symlinks/plugins/flutter_timezone/ios"
  flutter_wallet_card:
    :path: ".symlinks/plugins/flutter_wallet_card/ios"
  fluttertoast:
    :path: ".symlinks/plugins/fluttertoast/ios"
  geocoding_ios:
    :path: ".symlinks/plugins/geocoding_ios/ios"
  geolocator_apple:
    :path: ".symlinks/plugins/geolocator_apple/darwin"
  google_maps_flutter_ios:
    :path: ".symlinks/plugins/google_maps_flutter_ios/ios"
  gyro_provider:
    :path: ".symlinks/plugins/gyro_provider/ios"
  image_picker_ios:
    :path: ".symlinks/plugins/image_picker_ios/ios"
  maplibre_gl:
    :path: ".symlinks/plugins/maplibre_gl/ios"
  maps_launcher:
    :path: ".symlinks/plugins/maps_launcher/ios"
  mobile_scanner:
    :path: ".symlinks/plugins/mobile_scanner/darwin"
  objectbox_flutter_libs:
    :path: ".symlinks/plugins/objectbox_flutter_libs/ios"
  objective_c:
    :path: ".symlinks/plugins/objective_c/ios"
  open_filex:
    :path: ".symlinks/plugins/open_filex/ios"
  package_info_plus:
    :path: ".symlinks/plugins/package_info_plus/ios"
  path_provider_foundation:
    :path: ".symlinks/plugins/path_provider_foundation/darwin"
  share_plus:
    :path: ".symlinks/plugins/share_plus/ios"
  shared_preferences_foundation:
    :path: ".symlinks/plugins/shared_preferences_foundation/darwin"
  sqflite_darwin:
    :path: ".symlinks/plugins/sqflite_darwin/darwin"
  stripe_ios:
    :path: ".symlinks/plugins/stripe_ios/ios"
  syncfusion_flutter_pdfviewer:
    :path: ".symlinks/plugins/syncfusion_flutter_pdfviewer/ios"
  url_launcher_ios:
    :path: ".symlinks/plugins/url_launcher_ios/ios"
  webview_cookie_manager_plus:
    :path: ".symlinks/plugins/webview_cookie_manager_plus/ios"
  webview_flutter_wkwebview:
    :path: ".symlinks/plugins/webview_flutter_wkwebview/darwin"

SPEC CHECKSUMS:
  app_links: 3dbc685f76b1693c66a6d9dd1e9ab6f73d97dc0a
  cupertino_http: 94ac07f5ff090b8effa6c5e2c47871d48ab7c86c
  device_info_plus: 21fcca2080fbcd348be798aa36c3e5ed849eefbe
  Firebase: f07b15ae5a6ec0f93713e30b923d9970d144af3e
  firebase_core: f1aafb21c14f497e5498f7ffc4dc63cbb52b2594
  firebase_messaging: c17a29984eafce4b2997fe078bb0a9e0b06f5dde
  FirebaseCore: bb595f3114953664e3c1dc032f008a244147cfd3
  FirebaseCoreInternal: d7f5a043c2cd01a08103ab586587c1468047bca6
  FirebaseInstallations: ae9f4902cb5bf1d0c5eaa31ec1f4e5495a0714e2
  FirebaseMessaging: d33971b7bb252745ea6cd31ab190d1a1df4b8ed5
  Flutter: cabc95a1d2626b1b06e7179b784ebcf0c0cde467
  flutter_secure_storage_darwin: ce237a8775b39723566dc72571190a3769d70468
  flutter_timezone: 7c838e17ffd4645d261e87037e5bebf6d38fe544
  flutter_wallet_card: fa464b6f36c9c7ffda50f48b659b2b056d2eeaa8
  fluttertoast: 2c67e14dce98bbdb200df9e1acf610d7a6264ea1
  geocoding_ios: 33776c9ebb98d037b5e025bb0e7537f6dd19646e
  geolocator_apple: ab36aa0e8b7d7a2d7639b3b4e48308394e8cef5e
  Google-Maps-iOS-Utils: 0a484b05ed21d88c9f9ebbacb007956edd508a96
  google_maps_flutter_ios: 0291eb2aa252298a769b04d075e4a9d747ff7264
  GoogleDataTransport: aae35b7ea0c09004c3797d53c8c41f66f219d6a7
  GoogleMaps: 0608099d4870cac8754bdba9b6953db543432438
  GoogleUtilities: 00c88b9a86066ef77f0da2fab05f65d7768ed8e1
  gyro_provider: 1649673d3fc8281a3e32cbcad7ee87c67b4b84d3
  image_picker_ios: e0ece4aa2a75771a7de3fa735d26d90817041326
  MapLibre: 7f24faba45439f80ccb0f83393c29fa32cb81952
  maplibre_gl: d83126f1b19adee5e1071c453b421efd5fc99883
  maps_launcher: edf829809ba9e894d70e569bab11c16352dedb45
  mobile_scanner: 9157936403f5a0644ca3779a38ff8404c5434a93
  nanopb: fad817b59e0457d11a5dfbde799381cd727c1275
  ObjectBox: a60820ec1c903702350585d8cc99c1268c99e688
  objectbox_flutter_libs: 9bfa6489919e9191d33d54dc25cec67ca416c13d
  objective_c: 89e720c30d716b036faf9c9684022048eee1eee2
  open_filex: 432f3cd11432da3e39f47fcc0df2b1603854eff1
  OpenSSL-Universal: 6082b0bf950e5636fe0d78def171184e2b3899c2
  package_info_plus: af8e2ca6888548050f16fa2f1938db7b5a5df499
  path_provider_foundation: bb55f6dbba17d0dccd6737fe6f7f34fbd0376880
  PromisesObjC: f5707f49cb48b9636751c5b2e7d227e43fba9f47
  share_plus: 50da8cb520a8f0f65671c6c6a99b3617ed10a58a
  shared_preferences_foundation: 7036424c3d8ec98dfe75ff1667cb0cd531ec82bb
  sqflite_darwin: 20b2a3a3b70e43edae938624ce550a3cbf66a3d0
  Stripe: a4b6584549bac3698733ed564e55b0b067cfda8a
  stripe_ios: b720131bae6025a497bf7bb030e238a1a2781f18
  StripeApplePay: c8b005f1b5a242c455f76b42eda08660e9e33102
  StripeCore: 9a87da02c7fefc9b965218210a0902acd71157ab
  StripeFinancialConnections: 331ece5b6446dbf6eac62b94f8e365d0af9e000a
  StripePayments: 95ca9bc60eca45f02cd35b125a67a969c9d62ce7
  StripePaymentSheet: 7bc20a0ab10d91acc06dc449ab61bb2cf221b0f4
  StripePaymentsUI: 1590647b3f635a58fb0e7058d86d3e9ff89250d4
  StripeUICore: a63d95d604e70a5895f9d6b09c49a46757e86353
  syncfusion_flutter_pdfviewer: 90dc48305d2e33d4aa20681d1e98ddeda891bc14
  url_launcher_ios: 7a95fa5b60cc718a708b8f2966718e93db0cef1b
  webview_cookie_manager_plus: 12fb24c0f41106698164b53accddee92d4570cf8
  webview_flutter_wkwebview: 8ebf4fded22593026f7dbff1fbff31ea98573c8d

PODFILE CHECKSUM: 9e67e654629bb81a48a24521584e4cb1b202e585

COCOAPODS: 1.16.2
