PODS:
  - app_links (6.4.1):
    - Flutter
  - cupertino_http (0.0.1):
    - Flutter
    - FlutterMacOS
  - device_info_plus (0.0.1):
    - Flutter
  - Firebase/CoreOnly (12.0.0):
    - FirebaseCore (~> 12.0.0)
  - Firebase/Messaging (12.0.0):
    - Firebase/CoreOnly
    - FirebaseMessaging (~> 12.0.0)
  - firebase_core (4.0.0):
    - Firebase/CoreOnly (= 12.0.0)
    - Flutter
  - firebase_messaging (16.0.0):
    - Firebase/Messaging (= 12.0.0)
    - firebase_core
    - Flutter
  - FirebaseCore (12.0.0):
    - FirebaseCoreInternal (~> 12.0.0)
    - GoogleUtilities/Environment (~> 8.1)
    - GoogleUtilities/Logger (~> 8.1)
  - FirebaseCoreInternal (12.0.0):
    - "GoogleUtilities/NSData+zlib (~> 8.1)"
  - FirebaseInstallations (12.0.0):
    - FirebaseCore (~> 12.0.0)
    - GoogleUtilities/Environment (~> 8.1)
    - GoogleUtilities/UserDefaults (~> 8.1)
    - PromisesObjC (~> 2.4)
  - FirebaseMessaging (12.0.0):
    - FirebaseCore (~> 12.0.0)
    - FirebaseInstallations (~> 12.0.0)
    - GoogleDataTransport (~> 10.1)
    - GoogleUtilities/AppDelegateSwizzler (~> 8.1)
    - GoogleUtilities/Environment (~> 8.1)
    - GoogleUtilities/Reachability (~> 8.1)
    - GoogleUtilities/UserDefaults (~> 8.1)
    - nanopb (~> 3.30910.0)
  - Flutter (1.0.0)
  - flutter_secure_storage_darwin (10.0.0):
    - Flutter
    - FlutterMacOS
  - flutter_timezone (0.0.1):
    - Flutter
  - fluttertoast (0.0.2):
    - Flutter
  - geocoding_ios (1.0.5):
    - Flutter
  - geolocator_apple (1.2.0):
    - Flutter
    - FlutterMacOS
  - Google-Maps-iOS-Utils (6.1.0):
    - GoogleMaps (~> 9.0)
  - google_maps_flutter_ios (0.0.1):
    - Flutter
    - Google-Maps-iOS-Utils (< 7.0, >= 5.0)
    - GoogleMaps (< 10.0, >= 8.4)
  - GoogleDataTransport (10.1.0):
    - nanopb (~> 3.30910.0)
    - PromisesObjC (~> 2.4)
  - GoogleMaps (9.4.0):
    - GoogleMaps/Maps (= 9.4.0)
  - GoogleMaps/Maps (9.4.0)
  - GoogleUtilities/AppDelegateSwizzler (8.1.0):
    - GoogleUtilities/Environment
    - GoogleUtilities/Logger
    - GoogleUtilities/Network
    - GoogleUtilities/Privacy
  - GoogleUtilities/Environment (8.1.0):
    - GoogleUtilities/Privacy
  - GoogleUtilities/Logger (8.1.0):
    - GoogleUtilities/Environment
    - GoogleUtilities/Privacy
  - GoogleUtilities/Network (8.1.0):
    - GoogleUtilities/Logger
    - "GoogleUtilities/NSData+zlib"
    - GoogleUtilities/Privacy
    - GoogleUtilities/Reachability
  - "GoogleUtilities/NSData+zlib (8.1.0)":
    - GoogleUtilities/Privacy
  - GoogleUtilities/Privacy (8.1.0)
  - GoogleUtilities/Reachability (8.1.0):
    - GoogleUtilities/Logger
    - GoogleUtilities/Privacy
  - GoogleUtilities/UserDefaults (8.1.0):
    - GoogleUtilities/Logger
    - GoogleUtilities/Privacy
  - gyro_provider (0.0.1):
    - Flutter
  - image_picker_ios (0.0.1):
    - Flutter
  - MapLibre (6.14.0)
  - maplibre_gl (0.0.1):
    - Flutter
    - MapLibre (= 6.14.0)
  - maps_launcher (0.0.1):
    - Flutter
  - mobile_scanner (7.0.0):
    - Flutter
    - FlutterMacOS
  - nanopb (3.30910.0):
    - nanopb/decode (= 3.30910.0)
    - nanopb/encode (= 3.30910.0)
  - nanopb/decode (3.30910.0)
  - nanopb/encode (3.30910.0)
  - ObjectBox (4.1.0)
  - objectbox_flutter_libs (0.0.1):
    - Flutter
    - ObjectBox (= 4.1.0)
  - objective_c (0.0.1):
    - Flutter
  - open_filex (0.0.2):
    - Flutter
  - package_info_plus (0.4.5):
    - Flutter
  - path_provider_foundation (0.0.1):
    - Flutter
    - FlutterMacOS
  - PromisesObjC (2.4.0)
  - share_plus (0.0.1):
    - Flutter
  - shared_preferences_foundation (0.0.1):
    - Flutter
    - FlutterMacOS
  - sqflite_darwin (0.0.4):
    - Flutter
    - FlutterMacOS
  - Stripe (24.7.0):
    - StripeApplePay (= 24.7.0)
    - StripeCore (= 24.7.0)
    - StripePayments (= 24.7.0)
    - StripePaymentsUI (= 24.7.0)
    - StripeUICore (= 24.7.0)
  - stripe_ios (0.0.1):
    - Flutter
    - Stripe (~> 24.7.0)
    - stripe_ios/stripe_ios (= 0.0.1)
    - stripe_ios/stripe_objc (= 0.0.1)
    - StripeApplePay (~> 24.7.0)
    - StripeFinancialConnections (~> 24.7.0)
    - StripePayments (~> 24.7.0)
    - StripePaymentSheet (~> 24.7.0)
    - StripePaymentsUI (~> 24.7.0)
  - stripe_ios/stripe_ios (0.0.1):
    - Flutter
    - Stripe (~> 24.7.0)
    - stripe_ios/stripe_objc
    - StripeApplePay (~> 24.7.0)
    - StripeFinancialConnections (~> 24.7.0)
    - StripePayments (~> 24.7.0)
    - StripePaymentSheet (~> 24.7.0)
    - StripePaymentsUI (~> 24.7.0)
  - stripe_ios/stripe_objc (0.0.1):
    - Flutter
    - Stripe (~> 24.7.0)
    - StripeApplePay (~> 24.7.0)
    - StripeFinancialConnections (~> 24.7.0)
    - StripePayments (~> 24.7.0)
    - StripePaymentSheet (~> 24.7.0)
    - StripePaymentsUI (~> 24.7.0)
  - StripeApplePay (24.7.0):
    - StripeCore (= 24.7.0)
  - StripeCore (24.7.0)
  - StripeFinancialConnections (24.7.0):
    - StripeCore (= 24.7.0)
    - StripeUICore (= 24.7.0)
  - StripePayments (24.7.0):
    - StripeCore (= 24.7.0)
    - StripePayments/Stripe3DS2 (= 24.7.0)
  - StripePayments/Stripe3DS2 (24.7.0):
    - StripeCore (= 24.7.0)
  - StripePaymentSheet (24.7.0):
    - StripeApplePay (= 24.7.0)
    - StripeCore (= 24.7.0)
    - StripePayments (= 24.7.0)
    - StripePaymentsUI (= 24.7.0)
  - StripePaymentsUI (24.7.0):
    - StripeCore (= 24.7.0)
    - StripePayments (= 24.7.0)
    - StripeUICore (= 24.7.0)
  - StripeUICore (24.7.0):
    - StripeCore (= 24.7.0)
  - syncfusion_flutter_pdfviewer (0.0.1):
    - Flutter
  - url_launcher_ios (0.0.1):
    - Flutter
  - webview_cookie_manager_plus (0.0.1):
    - Flutter
  - webview_flutter_wkwebview (0.0.1):
    - Flutter
    - FlutterMacOS

DEPENDENCIES:
  - app_links (from `.symlinks/plugins/app_links/ios`)
  - cupertino_http (from `.symlinks/plugins/cupertino_http/darwin`)
  - device_info_plus (from `.symlinks/plugins/device_info_plus/ios`)
  - firebase_core (from `.symlinks/plugins/firebase_core/ios`)
  - firebase_messaging (from `.symlinks/plugins/firebase_messaging/ios`)
  - Flutter (from `Flutter`)
  - flutter_secure_storage_darwin (from `.symlinks/plugins/flutter_secure_storage_darwin/darwin`)
  - flutter_timezone (from `.symlinks/plugins/flutter_timezone/ios`)
  - fluttertoast (from `.symlinks/plugins/fluttertoast/ios`)
  - geocoding_ios (from `.symlinks/plugins/geocoding_ios/ios`)
  - geolocator_apple (from `.symlinks/plugins/geolocator_apple/darwin`)
  - google_maps_flutter_ios (from `.symlinks/plugins/google_maps_flutter_ios/ios`)
  - gyro_provider (from `.symlinks/plugins/gyro_provider/ios`)
  - image_picker_ios (from `.symlinks/plugins/image_picker_ios/ios`)
  - maplibre_gl (from `.symlinks/plugins/maplibre_gl/ios`)
  - maps_launcher (from `.symlinks/plugins/maps_launcher/ios`)
  - mobile_scanner (from `.symlinks/plugins/mobile_scanner/darwin`)
  - objectbox_flutter_libs (from `.symlinks/plugins/objectbox_flutter_libs/ios`)
  - objective_c (from `.symlinks/plugins/objective_c/ios`)
  - open_filex (from `.symlinks/plugins/open_filex/ios`)
  - package_info_plus (from `.symlinks/plugins/package_info_plus/ios`)
  - path_provider_foundation (from `.symlinks/plugins/path_provider_foundation/darwin`)
  - share_plus (from `.symlinks/plugins/share_plus/ios`)
  - shared_preferences_foundation (from `.symlinks/plugins/shared_preferences_foundation/darwin`)
  - sqflite_darwin (from `.symlinks/plugins/sqflite_darwin/darwin`)
  - stripe_ios (from `.symlinks/plugins/stripe_ios/ios`)
  - syncfusion_flutter_pdfviewer (from `.symlinks/plugins/syncfusion_flutter_pdfviewer/ios`)
  - url_launcher_ios (from `.symlinks/plugins/url_launcher_ios/ios`)
  - webview_cookie_manager_plus (from `.symlinks/plugins/webview_cookie_manager_plus/ios`)
  - webview_flutter_wkwebview (from `.symlinks/plugins/webview_flutter_wkwebview/darwin`)

SPEC REPOS:
  trunk:
    - Firebase
    - FirebaseCore
    - FirebaseCoreInternal
    - FirebaseInstallations
    - FirebaseMessaging
    - Google-Maps-iOS-Utils
    - GoogleDataTransport
    - GoogleMaps
    - GoogleUtilities
    - MapLibre
    - nanopb
    - ObjectBox
    - PromisesObjC
    - Stripe
    - StripeApplePay
    - StripeCore
    - StripeFinancialConnections
    - StripePayments
    - StripePaymentSheet
    - StripePaymentsUI
    - StripeUICore

EXTERNAL SOURCES:
  app_links:
    :path: ".symlinks/plugins/app_links/ios"
  cupertino_http:
    :path: ".symlinks/plugins/cupertino_http/darwin"
  device_info_plus:
    :path: ".symlinks/plugins/device_info_plus/ios"
  firebase_core:
    :path: ".symlinks/plugins/firebase_core/ios"
  firebase_messaging:
    :path: ".symlinks/plugins/firebase_messaging/ios"
  Flutter:
    :path: Flutter
  flutter_secure_storage_darwin:
    :path: ".symlinks/plugins/flutter_secure_storage_darwin/darwin"
  flutter_timezone:
    :path: ".symlinks/plugins/flutter_timezone/ios"
  fluttertoast:
    :path: ".symlinks/plugins/fluttertoast/ios"
  geocoding_ios:
    :path: ".symlinks/plugins/geocoding_ios/ios"
  geolocator_apple:
    :path: ".symlinks/plugins/geolocator_apple/darwin"
  google_maps_flutter_ios:
    :path: ".symlinks/plugins/google_maps_flutter_ios/ios"
  gyro_provider:
    :path: ".symlinks/plugins/gyro_provider/ios"
  image_picker_ios:
    :path: ".symlinks/plugins/image_picker_ios/ios"
  maplibre_gl:
    :path: ".symlinks/plugins/maplibre_gl/ios"
  maps_launcher:
    :path: ".symlinks/plugins/maps_launcher/ios"
  mobile_scanner:
    :path: ".symlinks/plugins/mobile_scanner/darwin"
  objectbox_flutter_libs:
    :path: ".symlinks/plugins/objectbox_flutter_libs/ios"
  objective_c:
    :path: ".symlinks/plugins/objective_c/ios"
  open_filex:
    :path: ".symlinks/plugins/open_filex/ios"
  package_info_plus:
    :path: ".symlinks/plugins/package_info_plus/ios"
  path_provider_foundation:
    :path: ".symlinks/plugins/path_provider_foundation/darwin"
  share_plus:
    :path: ".symlinks/plugins/share_plus/ios"
  shared_preferences_foundation:
    :path: ".symlinks/plugins/shared_preferences_foundation/darwin"
  sqflite_darwin:
    :path: ".symlinks/plugins/sqflite_darwin/darwin"
  stripe_ios:
    :path: ".symlinks/plugins/stripe_ios/ios"
  syncfusion_flutter_pdfviewer:
    :path: ".symlinks/plugins/syncfusion_flutter_pdfviewer/ios"
  url_launcher_ios:
    :path: ".symlinks/plugins/url_launcher_ios/ios"
  webview_cookie_manager_plus:
    :path: ".symlinks/plugins/webview_cookie_manager_plus/ios"
  webview_flutter_wkwebview:
    :path: ".symlinks/plugins/webview_flutter_wkwebview/darwin"

SPEC CHECKSUMS:
  app_links: 3dbc685f76b1693c66a6d9dd1e9ab6f73d97dc0a
  cupertino_http: 94ac07f5ff090b8effa6c5e2c47871d48ab7c86c
  device_info_plus: 21fcca2080fbcd348be798aa36c3e5ed849eefbe
  Firebase: 800d487043c0557d9faed71477a38d9aafb08a41
  firebase_core: 633e1851ffe1b9ab875f6467a4f574c79cef02e4
  firebase_messaging: d17feef781edc84ebefe62624fb384358ad96361
  FirebaseCore: 055f4ab117d5964158c833f3d5e7ec6d91648d4a
  FirebaseCoreInternal: dedc28e569a4be85f38f3d6af1070a2e12018d55
  FirebaseInstallations: d4c7c958f99c8860d7fcece786314ae790e2f988
  FirebaseMessaging: af49f8d7c0a3d2a017d9302c80946f45a7777dde
  Flutter: cabc95a1d2626b1b06e7179b784ebcf0c0cde467
  flutter_secure_storage_darwin: ce237a8775b39723566dc72571190a3769d70468
  flutter_timezone: 7c838e17ffd4645d261e87037e5bebf6d38fe544
  fluttertoast: 2c67e14dce98bbdb200df9e1acf610d7a6264ea1
  geocoding_ios: 33776c9ebb98d037b5e025bb0e7537f6dd19646e
  geolocator_apple: ab36aa0e8b7d7a2d7639b3b4e48308394e8cef5e
  Google-Maps-iOS-Utils: 0a484b05ed21d88c9f9ebbacb007956edd508a96
  google_maps_flutter_ios: 0291eb2aa252298a769b04d075e4a9d747ff7264
  GoogleDataTransport: aae35b7ea0c09004c3797d53c8c41f66f219d6a7
  GoogleMaps: 0608099d4870cac8754bdba9b6953db543432438
  GoogleUtilities: 00c88b9a86066ef77f0da2fab05f65d7768ed8e1
  gyro_provider: 1649673d3fc8281a3e32cbcad7ee87c67b4b84d3
  image_picker_ios: 7fe1ff8e34c1790d6fff70a32484959f563a928a
  MapLibre: 69e572367f4ef6287e18246cfafc39c80cdcabcd
  maplibre_gl: 3c924e44725147b03dda33430ad216005b40555f
  maps_launcher: edf829809ba9e894d70e569bab11c16352dedb45
  mobile_scanner: 9157936403f5a0644ca3779a38ff8404c5434a93
  nanopb: fad817b59e0457d11a5dfbde799381cd727c1275
  ObjectBox: bf3d4b51075d52868422d5d1f2f2141b1d630d30
  objectbox_flutter_libs: e912f15beff5699f1e184dbd2ff6aa5657464e73
  objective_c: 89e720c30d716b036faf9c9684022048eee1eee2
  open_filex: 432f3cd11432da3e39f47fcc0df2b1603854eff1
  package_info_plus: af8e2ca6888548050f16fa2f1938db7b5a5df499
  path_provider_foundation: 080d55be775b7414fd5a5ef3ac137b97b097e564
  PromisesObjC: f5707f49cb48b9636751c5b2e7d227e43fba9f47
  share_plus: 50da8cb520a8f0f65671c6c6a99b3617ed10a58a
  shared_preferences_foundation: 9e1978ff2562383bd5676f64ec4e9aa8fa06a6f7
  sqflite_darwin: 20b2a3a3b70e43edae938624ce550a3cbf66a3d0
  Stripe: 8a03a78bfa16b197f9fac51e42670ac563b34388
  stripe_ios: 95bdf6ba58efd184fe1dfed194cd8692299d66ca
  StripeApplePay: 3c1b43d9b5130f6b714863bf8c9482c24168ab27
  StripeCore: 4955c2af14446db04818ad043d19d8f97b73c5fa
  StripeFinancialConnections: 8cf97b04c2f354879a2a5473126efac38f11f406
  StripePayments: 91820845bece6117809bcfdcaef39c84c2b4cae5
  StripePaymentSheet: 1810187cbdbc73410b8fb86cecafaaa41c1481fc
  StripePaymentsUI: 326376e23caa369d1f58041bdb858c89c2b17ed4
  StripeUICore: 17a4f3adb81ae05ab885e1b353022a430176eab1
  syncfusion_flutter_pdfviewer: 90dc48305d2e33d4aa20681d1e98ddeda891bc14
  url_launcher_ios: 694010445543906933d732453a59da0a173ae33d
  webview_cookie_manager_plus: 12fb24c0f41106698164b53accddee92d4570cf8
  webview_flutter_wkwebview: 1821ceac936eba6f7984d89a9f3bcb4dea99ebb2

PODFILE CHECKSUM: 4f1c12611da7338d21589c0b2ecd6bd20b109694

COCOAPODS: 1.16.2
